
Microsoft Visual Studio Solution File, Format Version 12.00
# Visual Studio Version 16
VisualStudioVersion = 16.0.29728.190
MinimumVisualStudioVersion = 10.0.40219.1
Project("{FAE04EC0-301F-11D3-BF4B-00C04F79EFBC}") = "BlueLicense.Core", "BlueLicense.Core\BlueLicense.Core.csproj", "{B4E4F925-1329-4029-BDAB-88AF90EB9B33}"
EndProject
Project("{FAE04EC0-301F-11D3-BF4B-00C04F79EFBC}") = "BlueLicense.Tests", "BlueLicense.Tests\BlueLicense.Tests.csproj", "{F7C7100E-6C3B-4C0B-92FB-67B1B98AE162}"
EndProject
Global
	GlobalSection(SolutionConfigurationPlatforms) = preSolution
		Debug|Any CPU = Debug|Any CPU
		Release|Any CPU = Release|Any CPU
	EndGlobalSection
	GlobalSection(ProjectConfigurationPlatforms) = postSolution
		{B4E4F925-1329-4029-BDAB-88AF90EB9B33}.Debug|Any CPU.ActiveCfg = Debug|Any CPU
		{B4E4F925-1329-4029-BDAB-88AF90EB9B33}.Debug|Any CPU.Build.0 = Debug|Any CPU
		{B4E4F925-1329-4029-BDAB-88AF90EB9B33}.Release|Any CPU.ActiveCfg = Release|Any CPU
		{B4E4F925-1329-4029-BDAB-88AF90EB9B33}.Release|Any CPU.Build.0 = Release|Any CPU
		{F7C7100E-6C3B-4C0B-92FB-67B1B98AE162}.Debug|Any CPU.ActiveCfg = Debug|Any CPU
		{F7C7100E-6C3B-4C0B-92FB-67B1B98AE162}.Debug|Any CPU.Build.0 = Debug|Any CPU
		{F7C7100E-6C3B-4C0B-92FB-67B1B98AE162}.Release|Any CPU.ActiveCfg = Release|Any CPU
		{F7C7100E-6C3B-4C0B-92FB-67B1B98AE162}.Release|Any CPU.Build.0 = Release|Any CPU
	EndGlobalSection
	GlobalSection(SolutionProperties) = preSolution
		HideSolutionNode = FALSE
	EndGlobalSection
	GlobalSection(ExtensibilityGlobals) = postSolution
		SolutionGuid = {3C990F75-99B7-4BC4-A879-0727093171BF}
	EndGlobalSection
EndGlobal
